
Microsoft Visual Studio Solution File, Format Version 12.00
# Visual Studio 15
VisualStudioVersion = 15.0.28307.329
MinimumVisualStudioVersion = 10.0.40219.1
Project("{FAE04EC0-301F-11D3-BF4B-00C04F79EFBC}") = "Expresso-API", "Expresso-API\Expresso-API.csproj", "{7E5FD0AE-71A7-455C-9C43-3DBA122CC58A}"
EndProject
Global
	GlobalSection(SolutionConfigurationPlatforms) = preSolution
		Debug|Any CPU = Debug|Any CPU
		Release|Any CPU = Release|Any CPU
	EndGlobalSection
	GlobalSection(ProjectConfigurationPlatforms) = postSolution
		{7E5FD0AE-71A7-455C-9C43-3DBA122CC58A}.Debug|Any CPU.ActiveCfg = Debug|Any CPU
		{7E5FD0AE-71A7-455C-9C43-3DBA122CC58A}.Debug|Any CPU.Build.0 = Debug|Any CPU
		{7E5FD0AE-71A7-455C-9C43-3DBA122CC58A}.Release|Any CPU.ActiveCfg = Release|Any CPU
		{7E5FD0AE-71A7-455C-9C43-3DBA122CC58A}.Release|Any CPU.Build.0 = Release|Any CPU
	EndGlobalSection
	GlobalSection(SolutionProperties) = preSolution
		HideSolutionNode = FALSE
	EndGlobalSection
	GlobalSection(ExtensibilityGlobals) = postSolution
		SolutionGuid = {3CDEF4CF-7283-42F8-9DB2-470A3DEA3C43}
	EndGlobalSection
EndGlobal
